// !$*UTF8*$!
{
	archiveVersion = 1;
	classes = {
	};
	objectVersion = 46;
	objects = {

/* Begin PBXBuildFile section */
		03EAFD3BBED05958D6DCFE50 /* Pods_test_login.framework in Frameworks */ = {isa = PBXBuildFile; fileRef = 437B3E8EC651E826C5FF7120 /* Pods_test_login.framework */; };
		21422A471F478FD800E980AD /* AppDelegate.swift in Sources */ = {isa = PBXBuildFile; fileRef = 21422A461F478FD800E980AD /* AppDelegate.swift */; };
		21422A491F478FD800E980AD /* ViewController.swift in Sources */ = {isa = PBXBuildFile; fileRef = 21422A481F478FD800E980AD /* ViewController.swift */; };
		21422A4E1F478FD800E980AD /* Assets.xcassets in Resources */ = {isa = PBXBuildFile; fileRef = 21422A4D1F478FD800E980AD /* Assets.xcassets */; };
		21422A511F478FD800E980AD /* LaunchScreen.storyboard in Resources */ = {isa = PBXBuildFile; fileRef = 21422A4F1F478FD800E980AD /* LaunchScreen.storyboard */; };
		21422A591F4791DF00E980AD /* GoogleService-Info.plist in Resources */ = {isa = PBXBuildFile; fileRef = 21422A581F4791DF00E980AD /* GoogleService-Info.plist */; };
		2145A9A71F4B888C002DFFBA /* UserModel.swift in Sources */ = {isa = PBXBuildFile; fileRef = 2145A9A61F4B888C002DFFBA /* UserModel.swift */; };
		2145A9AA1F4B8975002DFFBA /* DatabaseService.swift in Sources */ = {isa = PBXBuildFile; fileRef = 2145A9A91F4B8975002DFFBA /* DatabaseService.swift */; };
		21467C181F4CCB66006B3B51 /* ProfileController.swift in Sources */ = {isa = PBXBuildFile; fileRef = 21467C171F4CCB66006B3B51 /* ProfileController.swift */; };
		2150079B1F4F6CB10059A0AC /* Info.plist in Resources */ = {isa = PBXBuildFile; fileRef = 21422A521F478FD800E980AD /* Info.plist */; };
		2150079C1F4F6DDE0059A0AC /* Main.storyboard in Resources */ = {isa = PBXBuildFile; fileRef = 21422A4A1F478FD800E980AD /* Main.storyboard */; };
		215B86211F50BF9100D885D6 /* ChallengeController.swift in Sources */ = {isa = PBXBuildFile; fileRef = 215B86201F50BF9100D885D6 /* ChallengeController.swift */; };
		21EB25B81F5495BA004DB3CF /* Contacts.framework in Frameworks */ = {isa = PBXBuildFile; fileRef = 21EB25B71F5495BA004DB3CF /* Contacts.framework */; };
		21EB25BA1F5495BF004DB3CF /* ContactsUI.framework in Frameworks */ = {isa = PBXBuildFile; fileRef = 21EB25B91F5495BF004DB3CF /* ContactsUI.framework */; };
		21EB25BD1F550EE9004DB3CF /* Messages.framework in Frameworks */ = {isa = PBXBuildFile; fileRef = 21EB25BB1F550EE9004DB3CF /* Messages.framework */; };
		21EB25BE1F550EE9004DB3CF /* MessageUI.framework in Frameworks */ = {isa = PBXBuildFile; fileRef = 21EB25BC1F550EE9004DB3CF /* MessageUI.framework */; };
/* End PBXBuildFile section */

/* Begin PBXFileReference section */
		21422A431F478FD800E980AD /* test-login.app */ = {isa = PBXFileReference; explicitFileType = wrapper.application; includeInIndex = 0; path = "test-login.app"; sourceTree = BUILT_PRODUCTS_DIR; };
		21422A461F478FD800E980AD /* AppDelegate.swift */ = {isa = PBXFileReference; lastKnownFileType = sourcecode.swift; path = AppDelegate.swift; sourceTree = "<group>"; };
		21422A481F478FD800E980AD /* ViewController.swift */ = {isa = PBXFileReference; lastKnownFileType = sourcecode.swift; path = ViewController.swift; sourceTree = "<group>"; };
		21422A4B1F478FD800E980AD /* Base */ = {isa = PBXFileReference; lastKnownFileType = file.storyboard; name = Base; path = Base.lproj/Main.storyboard; sourceTree = "<group>"; };
		21422A4D1F478FD800E980AD /* Assets.xcassets */ = {isa = PBXFileReference; lastKnownFileType = folder.assetcatalog; path = Assets.xcassets; sourceTree = "<group>"; };
		21422A501F478FD800E980AD /* Base */ = {isa = PBXFileReference; lastKnownFileType = file.storyboard; name = Base; path = Base.lproj/LaunchScreen.storyboard; sourceTree = "<group>"; };
		21422A521F478FD800E980AD /* Info.plist */ = {isa = PBXFileReference; lastKnownFileType = text.plist.xml; path = Info.plist; sourceTree = "<group>"; };
		21422A581F4791DF00E980AD /* GoogleService-Info.plist */ = {isa = PBXFileReference; fileEncoding = 4; lastKnownFileType = text.plist.xml; path = "GoogleService-Info.plist"; sourceTree = "<group>"; };
		2145A9A61F4B888C002DFFBA /* UserModel.swift */ = {isa = PBXFileReference; fileEncoding = 4; lastKnownFileType = sourcecode.swift; path = UserModel.swift; sourceTree = "<group>"; };
		2145A9A91F4B8975002DFFBA /* DatabaseService.swift */ = {isa = PBXFileReference; fileEncoding = 4; lastKnownFileType = sourcecode.swift; path = DatabaseService.swift; sourceTree = "<group>"; };
		21467C171F4CCB66006B3B51 /* ProfileController.swift */ = {isa = PBXFileReference; fileEncoding = 4; lastKnownFileType = sourcecode.swift; path = ProfileController.swift; sourceTree = "<group>"; };
		215B86201F50BF9100D885D6 /* ChallengeController.swift */ = {isa = PBXFileReference; fileEncoding = 4; lastKnownFileType = sourcecode.swift; path = ChallengeController.swift; sourceTree = "<group>"; };
		21EB25B71F5495BA004DB3CF /* Contacts.framework */ = {isa = PBXFileReference; lastKnownFileType = wrapper.framework; name = Contacts.framework; path = System/Library/Frameworks/Contacts.framework; sourceTree = SDKROOT; };
		21EB25B91F5495BF004DB3CF /* ContactsUI.framework */ = {isa = PBXFileReference; lastKnownFileType = wrapper.framework; name = ContactsUI.framework; path = System/Library/Frameworks/ContactsUI.framework; sourceTree = SDKROOT; };
		21EB25BB1F550EE9004DB3CF /* Messages.framework */ = {isa = PBXFileReference; lastKnownFileType = wrapper.framework; name = Messages.framework; path = System/Library/Frameworks/Messages.framework; sourceTree = SDKROOT; };
		21EB25BC1F550EE9004DB3CF /* MessageUI.framework */ = {isa = PBXFileReference; lastKnownFileType = wrapper.framework; name = MessageUI.framework; path = System/Library/Frameworks/MessageUI.framework; sourceTree = SDKROOT; };
		425DE94BF6A906D8289F6DFF /* Pods-test-login.debug.xcconfig */ = {isa = PBXFileReference; includeInIndex = 1; lastKnownFileType = text.xcconfig; name = "Pods-test-login.debug.xcconfig"; path = "Pods/Target Support Files/Pods-test-login/Pods-test-login.debug.xcconfig"; sourceTree = "<group>"; };
		437B3E8EC651E826C5FF7120 /* Pods_test_login.framework */ = {isa = PBXFileReference; explicitFileType = wrapper.framework; includeInIndex = 0; path = Pods_test_login.framework; sourceTree = BUILT_PRODUCTS_DIR; };
		A88698FC530B4B0B9395C864 /* Pods-test-login.release.xcconfig */ = {isa = PBXFileReference; includeInIndex = 1; lastKnownFileType = text.xcconfig; name = "Pods-test-login.release.xcconfig"; path = "Pods/Target Support Files/Pods-test-login/Pods-test-login.release.xcconfig"; sourceTree = "<group>"; };
/* End PBXFileReference section */

/* Begin PBXFrameworksBuildPhase section */
		21422A401F478FD800E980AD /* Frameworks */ = {
			isa = PBXFrameworksBuildPhase;
			buildActionMask = 2147483647;
			files = (
				21EB25BD1F550EE9004DB3CF /* Messages.framework in Frameworks */,
				21EB25BE1F550EE9004DB3CF /* MessageUI.framework in Frameworks */,
				21EB25BA1F5495BF004DB3CF /* ContactsUI.framework in Frameworks */,
				21EB25B81F5495BA004DB3CF /* Contacts.framework in Frameworks */,
				03EAFD3BBED05958D6DCFE50 /* Pods_test_login.framework in Frameworks */,
			);
			runOnlyForDeploymentPostprocessing = 0;
		};
/* End PBXFrameworksBuildPhase section */

/* Begin PBXGroup section */
		21422A3A1F478FD800E980AD = {
			isa = PBXGroup;
			children = (
				21422A451F478FD800E980AD /* test-login */,
				21422A441F478FD800E980AD /* Products */,
				9987FFB8221649B492C499BE /* Pods */,
				E90DB1D94CC2B4A2DDFB0D8D /* Frameworks */,
			);
			sourceTree = "<group>";
		};
		21422A441F478FD800E980AD /* Products */ = {
			isa = PBXGroup;
			children = (
				21422A431F478FD800E980AD /* test-login.app */,
			);
			name = Products;
			sourceTree = "<group>";
		};
		21422A451F478FD800E980AD /* test-login */ = {
			isa = PBXGroup;
			children = (
				21467C161F4CCB48006B3B51 /* Controllers */,
				2145A9A81F4B8968002DFFBA /* Services */,
				2145A9A51F4B8874002DFFBA /* Models */,
				21422A461F478FD800E980AD /* AppDelegate.swift */,
				21422A4A1F478FD800E980AD /* Main.storyboard */,
				21422A4D1F478FD800E980AD /* Assets.xcassets */,
				21422A4F1F478FD800E980AD /* LaunchScreen.storyboard */,
				21422A521F478FD800E980AD /* Info.plist */,
				21422A581F4791DF00E980AD /* GoogleService-Info.plist */,
			);
			path = "test-login";
			sourceTree = "<group>";
		};
		2145A9A51F4B8874002DFFBA /* Models */ = {
			isa = PBXGroup;
			children = (
				2145A9A61F4B888C002DFFBA /* UserModel.swift */,
			);
			name = Models;
			sourceTree = "<group>";
		};
		2145A9A81F4B8968002DFFBA /* Services */ = {
			isa = PBXGroup;
			children = (
				2145A9A91F4B8975002DFFBA /* DatabaseService.swift */,
			);
			name = Services;
			sourceTree = "<group>";
		};
		21467C161F4CCB48006B3B51 /* Controllers */ = {
			isa = PBXGroup;
			children = (
				21422A481F478FD800E980AD /* ViewController.swift */,
				21467C171F4CCB66006B3B51 /* ProfileController.swift */,
				215B86201F50BF9100D885D6 /* ChallengeController.swift */,
			);
			name = Controllers;
			sourceTree = "<group>";
		};
		9987FFB8221649B492C499BE /* Pods */ = {
			isa = PBXGroup;
			children = (
				425DE94BF6A906D8289F6DFF /* Pods-test-login.debug.xcconfig */,
				A88698FC530B4B0B9395C864 /* Pods-test-login.release.xcconfig */,
			);
			name = Pods;
			sourceTree = "<group>";
		};
		E90DB1D94CC2B4A2DDFB0D8D /* Frameworks */ = {
			isa = PBXGroup;
			children = (
				21EB25BB1F550EE9004DB3CF /* Messages.framework */,
				21EB25BC1F550EE9004DB3CF /* MessageUI.framework */,
				21EB25B91F5495BF004DB3CF /* ContactsUI.framework */,
				21EB25B71F5495BA004DB3CF /* Contacts.framework */,
				437B3E8EC651E826C5FF7120 /* Pods_test_login.framework */,
			);
			name = Frameworks;
			sourceTree = "<group>";
		};
/* End PBXGroup section */

/* Begin PBXNativeTarget section */
		21422A421F478FD800E980AD /* test-login */ = {
			isa = PBXNativeTarget;
			buildConfigurationList = 21422A551F478FD800E980AD /* Build configuration list for PBXNativeTarget "test-login" */;
			buildPhases = (
				D1E4AFB884BB0EAB36918E42 /* [CP] Check Pods Manifest.lock */,
				21422A3F1F478FD800E980AD /* Sources */,
				21422A401F478FD800E980AD /* Frameworks */,
				21422A411F478FD800E980AD /* Resources */,
				727D79B59F43EC47BA9C64BD /* [CP] Embed Pods Frameworks */,
				F69619DD2857C1C738425246 /* [CP] Copy Pods Resources */,
			);
			buildRules = (
			);
			dependencies = (
			);
			name = "test-login";
			productName = "test-login";
			productReference = 21422A431F478FD800E980AD /* test-login.app */;
			productType = "com.apple.product-type.application";
		};
/* End PBXNativeTarget section */

/* Begin PBXProject section */
		21422A3B1F478FD800E980AD /* Project object */ = {
			isa = PBXProject;
			attributes = {
				LastSwiftUpdateCheck = 0830;
				LastUpgradeCheck = 0830;
				ORGANIZATIONNAME = Nick;
				TargetAttributes = {
					21422A421F478FD800E980AD = {
						CreatedOnToolsVersion = 8.3.3;
						ProvisioningStyle = Automatic;
					};
				};
			};
			buildConfigurationList = 21422A3E1F478FD800E980AD /* Build configuration list for PBXProject "test-login" */;
			compatibilityVersion = "Xcode 3.2";
			developmentRegion = English;
			hasScannedForEncodings = 0;
			knownRegions = (
				en,
				Base,
			);
			mainGroup = 21422A3A1F478FD800E980AD;
			productRefGroup = 21422A441F478FD800E980AD /* Products */;
			projectDirPath = "";
			projectRoot = "";
			targets = (
				21422A421F478FD800E980AD /* test-login */,
			);
		};
/* End PBXProject section */

/* Begin PBXResourcesBuildPhase section */
		21422A411F478FD800E980AD /* Resources */ = {
			isa = PBXResourcesBuildPhase;
			buildActionMask = 2147483647;
			files = (
				2150079C1F4F6DDE0059A0AC /* Main.storyboard in Resources */,
				21422A511F478FD800E980AD /* LaunchScreen.storyboard in Resources */,
				21422A591F4791DF00E980AD /* GoogleService-Info.plist in Resources */,
				21422A4E1F478FD800E980AD /* Assets.xcassets in Resources */,
				2150079B1F4F6CB10059A0AC /* Info.plist in Resources */,
			);
			runOnlyForDeploymentPostprocessing = 0;
		};
/* End PBXResourcesBuildPhase section */

/* Begin PBXShellScriptBuildPhase section */
		727D79B59F43EC47BA9C64BD /* [CP] Embed Pods Frameworks */ = {
			isa = PBXShellScriptBuildPhase;
			buildActionMask = 2147483647;
			files = (
			);
			inputPaths = (
				"${SRCROOT}/Pods/Target Support Files/Pods-test-login/Pods-test-login-frameworks.sh",
				"${BUILT_PRODUCTS_DIR}/GTMSessionFetcher/GTMSessionFetcher.framework",
				"${BUILT_PRODUCTS_DIR}/GoogleToolboxForMac/GoogleToolboxForMac.framework",
				"${BUILT_PRODUCTS_DIR}/nanopb/nanopb.framework",
			);
			name = "[CP] Embed Pods Frameworks";
			outputPaths = (
				"${TARGET_BUILD_DIR}/${FRAMEWORKS_FOLDER_PATH}/GTMSessionFetcher.framework",
				"${TARGET_BUILD_DIR}/${FRAMEWORKS_FOLDER_PATH}/GoogleToolboxForMac.framework",
				"${TARGET_BUILD_DIR}/${FRAMEWORKS_FOLDER_PATH}/nanopb.framework",
			);
			runOnlyForDeploymentPostprocessing = 0;
			shellPath = /bin/sh;
			shellScript = "\"${SRCROOT}/Pods/Target Support Files/Pods-test-login/Pods-test-login-frameworks.sh\"\n";
			showEnvVarsInLog = 0;
		};
		D1E4AFB884BB0EAB36918E42 /* [CP] Check Pods Manifest.lock */ = {
			isa = PBXShellScriptBuildPhase;
			buildActionMask = 2147483647;
			files = (
			);
			inputPaths = (
				"${PODS_PODFILE_DIR_PATH}/Podfile.lock",
				"${PODS_ROOT}/Manifest.lock",
			);
			name = "[CP] Check Pods Manifest.lock";
			outputPaths = (
				"$(DERIVED_FILE_DIR)/Pods-test-login-checkManifestLockResult.txt",
			);
			runOnlyForDeploymentPostprocessing = 0;
			shellPath = /bin/sh;
			shellScript = "diff \"${PODS_PODFILE_DIR_PATH}/Podfile.lock\" \"${PODS_ROOT}/Manifest.lock\" > /dev/null\nif [ $? != 0 ] ; then\n    # print error to STDERR\n    echo \"error: The sandbox is not in sync with the Podfile.lock. Run 'pod install' or update your CocoaPods installation.\" >&2\n    exit 1\nfi\n# This output is used by Xcode 'outputs' to avoid re-running this script phase.\necho \"SUCCESS\" > \"${SCRIPT_OUTPUT_FILE_0}\"\n";
			showEnvVarsInLog = 0;
		};
		F69619DD2857C1C738425246 /* [CP] Copy Pods Resources */ = {
			isa = PBXShellScriptBuildPhase;
			buildActionMask = 2147483647;
			files = (
			);
			inputPaths = (
				"${SRCROOT}/Pods/Target Support Files/Pods-test-login/Pods-test-login-resources.sh",
				"${PODS_ROOT}/FirebaseInvites/Resources/GINInviteResources.bundle",
				"${PODS_ROOT}/FirebaseInvites/Resources/GPPACLPickerResources.bundle",
				"${PODS_ROOT}/GoogleSignIn/Resources/GoogleSignIn.bundle",
			);
			name = "[CP] Copy Pods Resources";
			outputPaths = (
				"${TARGET_BUILD_DIR}/${UNLOCALIZED_RESOURCES_FOLDER_PATH}",
			);
			runOnlyForDeploymentPostprocessing = 0;
			shellPath = /bin/sh;
			shellScript = "\"${SRCROOT}/Pods/Target Support Files/Pods-test-login/Pods-test-login-resources.sh\"\n";
			showEnvVarsInLog = 0;
		};
/* End PBXShellScriptBuildPhase section */

/* Begin PBXSourcesBuildPhase section */
		21422A3F1F478FD800E980AD /* Sources */ = {
			isa = PBXSourcesBuildPhase;
			buildActionMask = 2147483647;
			files = (
				21467C181F4CCB66006B3B51 /* ProfileController.swift in Sources */,
				215B86211F50BF9100D885D6 /* ChallengeController.swift in Sources */,
				21422A491F478FD800E980AD /* ViewController.swift in Sources */,
				2145A9A71F4B888C002DFFBA /* UserModel.swift in Sources */,
				2145A9AA1F4B8975002DFFBA /* DatabaseService.swift in Sources */,
				21422A471F478FD800E980AD /* AppDelegate.swift in Sources */,
			);
			runOnlyForDeploymentPostprocessing = 0;
		};
/* End PBXSourcesBuildPhase section */

/* Begin PBXVariantGroup section */
		21422A4A1F478FD800E980AD /* Main.storyboard */ = {
			isa = PBXVariantGroup;
			children = (
				21422A4B1F478FD800E980AD /* Base */,
			);
			name = Main.storyboard;
			sourceTree = "<group>";
		};
		21422A4F1F478FD800E980AD /* LaunchScreen.storyboard */ = {
			isa = PBXVariantGroup;
			children = (
				21422A501F478FD800E980AD /* Base */,
			);
			name = LaunchScreen.storyboard;
			sourceTree = "<group>";
		};
/* End PBXVariantGroup section */

/* Begin XCBuildConfiguration section */
		21422A531F478FD800E980AD /* Debug */ = {
			isa = XCBuildConfiguration;
			buildSettings = {
				ALWAYS_SEARCH_USER_PATHS = NO;
				CLANG_ANALYZER_NONNULL = YES;
				CLANG_ANALYZER_NUMBER_OBJECT_CONVERSION = YES_AGGRESSIVE;
				CLANG_CXX_LANGUAGE_STANDARD = "gnu++0x";
				CLANG_CXX_LIBRARY = "libc++";
				CLANG_ENABLE_MODULES = YES;
				CLANG_ENABLE_OBJC_ARC = YES;
				CLANG_WARN_BOOL_CONVERSION = YES;
				CLANG_WARN_CONSTANT_CONVERSION = YES;
				CLANG_WARN_DIRECT_OBJC_ISA_USAGE = YES_ERROR;
				CLANG_WARN_DOCUMENTATION_COMMENTS = YES;
				CLANG_WARN_EMPTY_BODY = YES;
				CLANG_WARN_ENUM_CONVERSION = YES;
				CLANG_WARN_INFINITE_RECURSION = YES;
				CLANG_WARN_INT_CONVERSION = YES;
				CLANG_WARN_OBJC_ROOT_CLASS = YES_ERROR;
				CLANG_WARN_SUSPICIOUS_MOVE = YES;
				CLANG_WARN_UNREACHABLE_CODE = YES;
				CLANG_WARN__DUPLICATE_METHOD_MATCH = YES;
				"CODE_SIGN_IDENTITY[sdk=iphoneos*]" = "iPhone Developer";
				COPY_PHASE_STRIP = NO;
				DEBUG_INFORMATION_FORMAT = dwarf;
				ENABLE_STRICT_OBJC_MSGSEND = YES;
				ENABLE_TESTABILITY = YES;
				GCC_C_LANGUAGE_STANDARD = gnu99;
				GCC_DYNAMIC_NO_PIC = NO;
				GCC_NO_COMMON_BLOCKS = YES;
				GCC_OPTIMIZATION_LEVEL = 0;
				GCC_PREPROCESSOR_DEFINITIONS = (
					"DEBUG=1",
					"$(inherited)",
				);
				GCC_WARN_64_TO_32_BIT_CONVERSION = YES;
				GCC_WARN_ABOUT_RETURN_TYPE = YES_ERROR;
				GCC_WARN_UNDECLARED_SELECTOR = YES;
				GCC_WARN_UNINITIALIZED_AUTOS = YES_AGGRESSIVE;
				GCC_WARN_UNUSED_FUNCTION = YES;
				GCC_WARN_UNUSED_VARIABLE = YES;
				IPHONEOS_DEPLOYMENT_TARGET = 10.3;
				MTL_ENABLE_DEBUG_INFO = YES;
				ONLY_ACTIVE_ARCH = YES;
				SDKROOT = iphoneos;
				SWIFT_ACTIVE_COMPILATION_CONDITIONS = DEBUG;
				SWIFT_OPTIMIZATION_LEVEL = "-Onone";
			};
			name = Debug;
		};
		21422A541F478FD800E980AD /* Release */ = {
			isa = XCBuildConfiguration;
			buildSettings = {
				ALWAYS_SEARCH_USER_PATHS = NO;
				CLANG_ANALYZER_NONNULL = YES;
				CLANG_ANALYZER_NUMBER_OBJECT_CONVERSION = YES_AGGRESSIVE;
				CLANG_CXX_LANGUAGE_STANDARD = "gnu++0x";
				CLANG_CXX_LIBRARY = "libc++";
				CLANG_ENABLE_MODULES = YES;
				CLANG_ENABLE_OBJC_ARC = YES;
				CLANG_WARN_BOOL_CONVERSION = YES;
				CLANG_WARN_CONSTANT_CONVERSION = YES;
				CLANG_WARN_DIRECT_OBJC_ISA_USAGE = YES_ERROR;
				CLANG_WARN_DOCUMENTATION_COMMENTS = YES;
				CLANG_WARN_EMPTY_BODY = YES;
				CLANG_WARN_ENUM_CONVERSION = YES;
				CLANG_WARN_INFINITE_RECURSION = YES;
				CLANG_WARN_INT_CONVERSION = YES;
				CLANG_WARN_OBJC_ROOT_CLASS = YES_ERROR;
				CLANG_WARN_SUSPICIOUS_MOVE = YES;
				CLANG_WARN_UNREACHABLE_CODE = YES;
				CLANG_WARN__DUPLICATE_METHOD_MATCH = YES;
				"CODE_SIGN_IDENTITY[sdk=iphoneos*]" = "iPhone Developer";
				COPY_PHASE_STRIP = NO;
				DEBUG_INFORMATION_FORMAT = "dwarf-with-dsym";
				ENABLE_NS_ASSERTIONS = NO;
				ENABLE_STRICT_OBJC_MSGSEND = YES;
				GCC_C_LANGUAGE_STANDARD = gnu99;
				GCC_NO_COMMON_BLOCKS = YES;
				GCC_WARN_64_TO_32_BIT_CONVERSION = YES;
				GCC_WARN_ABOUT_RETURN_TYPE = YES_ERROR;
				GCC_WARN_UNDECLARED_SELECTOR = YES;
				GCC_WARN_UNINITIALIZED_AUTOS = YES_AGGRESSIVE;
				GCC_WARN_UNUSED_FUNCTION = YES;
				GCC_WARN_UNUSED_VARIABLE = YES;
				IPHONEOS_DEPLOYMENT_TARGET = 10.3;
				MTL_ENABLE_DEBUG_INFO = NO;
				SDKROOT = iphoneos;
				SWIFT_OPTIMIZATION_LEVEL = "-Owholemodule";
				VALIDATE_PRODUCT = YES;
			};
			name = Release;
		};
		21422A561F478FD800E980AD /* Debug */ = {
			isa = XCBuildConfiguration;
			baseConfigurationReference = 425DE94BF6A906D8289F6DFF /* Pods-test-login.debug.xcconfig */;
			buildSettings = {
				ASSETCATALOG_COMPILER_APPICON_NAME = AppIcon;
				INFOPLIST_FILE = "test-login/Info.plist";
				LD_RUNPATH_SEARCH_PATHS = "$(inherited) @executable_path/Frameworks";
				PRODUCT_BUNDLE_IDENTIFIER = "com.nick.test-login";
				PRODUCT_NAME = "$(TARGET_NAME)";
				SWIFT_VERSION = 3.0;
			};
			name = Debug;
		};
		21422A571F478FD800E980AD /* Release */ = {
			isa = XCBuildConfiguration;
			baseConfigurationReference = A88698FC530B4B0B9395C864 /* Pods-test-login.release.xcconfig */;
			buildSettings = {
				ASSETCATALOG_COMPILER_APPICON_NAME = AppIcon;
				INFOPLIST_FILE = "test-login/Info.plist";
				LD_RUNPATH_SEARCH_PATHS = "$(inherited) @executable_path/Frameworks";
				PRODUCT_BUNDLE_IDENTIFIER = "com.nick.test-login";
				PRODUCT_NAME = "$(TARGET_NAME)";
				SWIFT_VERSION = 3.0;
			};
			name = Release;
		};
/* End XCBuildConfiguration section */

/* Begin XCConfigurationList section */
		21422A3E1F478FD800E980AD /* Build configuration list for PBXProject "test-login" */ = {
			isa = XCConfigurationList;
			buildConfigurations = (
				21422A531F478FD800E980AD /* Debug */,
				21422A541F478FD800E980AD /* Release */,
			);
			defaultConfigurationIsVisible = 0;
			defaultConfigurationName = Release;
		};
		21422A551F478FD800E980AD /* Build configuration list for PBXNativeTarget "test-login" */ = {
			isa = XCConfigurationList;
			buildConfigurations = (
				21422A561F478FD800E980AD /* Debug */,
				21422A571F478FD800E980AD /* Release */,
			);
			defaultConfigurationIsVisible = 0;
			defaultConfigurationName = Release;
		};
/* End XCConfigurationList section */
	};
	rootObject = 21422A3B1F478FD800E980AD /* Project object */;
}
